# This file is autogenerated, do not edit; changes may be undone by the next 'dep ensure'.


[[projects]]
  branch = "master"
  digest = "1:cf68a79fd02ab0f6942b9567d03d054b6568212fcc22de2a4afdefd096923749"
  name = "github.com/kballard/go-shellquote"
  packages = ["."]
  pruneopts = "NUT"
  revision = "95032a82bc518f77982ea72343cc1ade730072f0"

[[projects]]
  digest = "1:08c231ec84231a7e23d67e4b58f975e1423695a32467a362ee55a803f9de8061"
  name = "github.com/mattn/go-colorable"
  packages = ["."]
  pruneopts = "NUT"
  revision = "167de6bfdfba052fa6b2d3664c8f5272e23c9072"
  version = "v0.0.9"

[[projects]]
  digest = "1:bffa444ca07c69c599ae5876bc18b25bfd5fa85b297ca10a25594d284a7e9c5d"
  name = "github.com/mattn/go-isatty"
  packages = ["."]
  pruneopts = "NUT"
  revision = "6ca4dbf54d38eea1a992b3c722a76a5d1c4cb25c"
  version = "v0.0.4"

[[projects]]
  branch = "master"
  digest = "1:063d55b87e200bced5e2be658cc70acafb4c5bbc4afa04d4b82f66298b73d089"
  name = "github.com/mgutz/ansi"
  packages = ["."]
  pruneopts = "NUT"
  revision = "9520e82c474b0a04dd04f8a40959027271bab992"

[[projects]]
  branch = "master"
  digest = "1:efeb48023dcc7c3892c65528d095a53203568cc5c4cbdfd027732c7a857af971"
  name = "golang.org/x/sys"
  packages = ["unix"]
  pruneopts = "NUT"
  revision = "8ff4e546d48be377a38a3ab13ef2dd4dd8dce06a"

[[projects]]
  digest = "1:a11f7fcbe0d2b2802da7592ace2e62d6f88c32b53a3a7121ef3b61ee65079d31"
  name = "gopkg.in/AlecAivazis/survey.v1"
  packages = [
    ".",
    "core",
    "terminal",
  ]
  pruneopts = "NUT"
  revision = "e205523512c83e9236698dbe7eb9649ec56e80ca"
  version = "v1.7.1"

[solve-meta]
  analyzer-name = "dep"
  analyzer-version = 1
  input-imports = ["gopkg.in/AlecAivazis/survey.v1"]
  solver-name = "gps-cdcl"
  solver-version = 1
